// !$*UTF8*$!
{
	archiveVersion = 1;
	classes = {
	};
	objectVersion = 56;
	objects = {

/* Begin PBXBuildFile section */
		109B90809FDD4AEA18E60A4A /* Pods_Arquiteturas.framework in Frameworks */ = {isa = PBXBuildFile; fileRef = E9328B0AE42871C7A2E66A0F /* Pods_Arquiteturas.framework */; };
		3A08E9A82A48CB9800694743 /* AppDelegate.swift in Sources */ = {isa = PBXBuildFile; fileRef = 3A08E9A72A48CB9800694743 /* AppDelegate.swift */; };
		3A08E9AA2A48CB9800694743 /* SceneDelegate.swift in Sources */ = {isa = PBXBuildFile; fileRef = 3A08E9A92A48CB9800694743 /* SceneDelegate.swift */; };
		3A08E9AC2A48CB9800694743 /* ViewController.swift in Sources */ = {isa = PBXBuildFile; fileRef = 3A08E9AB2A48CB9800694743 /* ViewController.swift */; };
		3A08E9AF2A48CB9800694743 /* Main.storyboard in Resources */ = {isa = PBXBuildFile; fileRef = 3A08E9AD2A48CB9800694743 /* Main.storyboard */; };
		3A08E9B12A48CB9900694743 /* Assets.xcassets in Resources */ = {isa = PBXBuildFile; fileRef = 3A08E9B02A48CB9900694743 /* Assets.xcassets */; };
		3A08E9B42A48CB9900694743 /* LaunchScreen.storyboard in Resources */ = {isa = PBXBuildFile; fileRef = 3A08E9B22A48CB9900694743 /* LaunchScreen.storyboard */; };
		3A08E9BC2A48CC1200694743 /* GoogleService-Info.plist in Resources */ = {isa = PBXBuildFile; fileRef = 3A08E9BB2A48CC1200694743 /* GoogleService-Info.plist */; };
		3A08E9C22A49135900694743 /* UserProvider.swift in Sources */ = {isa = PBXBuildFile; fileRef = 3A08E9C12A49135900694743 /* UserProvider.swift */; };
		3A08E9C52A4913DA00694743 /* UserModel.swift in Sources */ = {isa = PBXBuildFile; fileRef = 3A08E9C42A4913DA00694743 /* UserModel.swift */; };
		3A08E9C82A49267900694743 /* Constants.swift in Sources */ = {isa = PBXBuildFile; fileRef = 3A08E9C72A49267900694743 /* Constants.swift */; };
		3A08E9E42A4BD67B00694743 /* UserBusiness.swift in Sources */ = {isa = PBXBuildFile; fileRef = 3A08E9E32A4BD67B00694743 /* UserBusiness.swift */; };
		3A3CBB9B2A4D4010002DF484 /* UserManager.swift in Sources */ = {isa = PBXBuildFile; fileRef = 3A3CBB9A2A4D4010002DF484 /* UserManager.swift */; };
/* End PBXBuildFile section */

/* Begin PBXFileReference section */
		1B525F56C74E72C7527DE959 /* Pods-Arquiteturas.release.xcconfig */ = {isa = PBXFileReference; includeInIndex = 1; lastKnownFileType = text.xcconfig; name = "Pods-Arquiteturas.release.xcconfig"; path = "Target Support Files/Pods-Arquiteturas/Pods-Arquiteturas.release.xcconfig"; sourceTree = "<group>"; };
		362FC48F985E75386ECAC1D7 /* Pods-Arquiteturas.debug.xcconfig */ = {isa = PBXFileReference; includeInIndex = 1; lastKnownFileType = text.xcconfig; name = "Pods-Arquiteturas.debug.xcconfig"; path = "Target Support Files/Pods-Arquiteturas/Pods-Arquiteturas.debug.xcconfig"; sourceTree = "<group>"; };
		3A08E9A42A48CB9800694743 /* Arquiteturas.app */ = {isa = PBXFileReference; explicitFileType = wrapper.application; includeInIndex = 0; path = Arquiteturas.app; sourceTree = BUILT_PRODUCTS_DIR; };
		3A08E9A72A48CB9800694743 /* AppDelegate.swift */ = {isa = PBXFileReference; lastKnownFileType = sourcecode.swift; path = AppDelegate.swift; sourceTree = "<group>"; };
		3A08E9A92A48CB9800694743 /* SceneDelegate.swift */ = {isa = PBXFileReference; lastKnownFileType = sourcecode.swift; path = SceneDelegate.swift; sourceTree = "<group>"; };
		3A08E9AB2A48CB9800694743 /* ViewController.swift */ = {isa = PBXFileReference; lastKnownFileType = sourcecode.swift; path = ViewController.swift; sourceTree = "<group>"; };
		3A08E9AE2A48CB9800694743 /* Base */ = {isa = PBXFileReference; lastKnownFileType = file.storyboard; name = Base; path = Base.lproj/Main.storyboard; sourceTree = "<group>"; };
		3A08E9B02A48CB9900694743 /* Assets.xcassets */ = {isa = PBXFileReference; lastKnownFileType = folder.assetcatalog; path = Assets.xcassets; sourceTree = "<group>"; };
		3A08E9B32A48CB9900694743 /* Base */ = {isa = PBXFileReference; lastKnownFileType = file.storyboard; name = Base; path = Base.lproj/LaunchScreen.storyboard; sourceTree = "<group>"; };
		3A08E9B52A48CB9900694743 /* Info.plist */ = {isa = PBXFileReference; lastKnownFileType = text.plist.xml; path = Info.plist; sourceTree = "<group>"; };
		3A08E9BB2A48CC1200694743 /* GoogleService-Info.plist */ = {isa = PBXFileReference; fileEncoding = 4; lastKnownFileType = text.plist.xml; path = "GoogleService-Info.plist"; sourceTree = "<group>"; };
		3A08E9C12A49135900694743 /* UserProvider.swift */ = {isa = PBXFileReference; lastKnownFileType = sourcecode.swift; path = UserProvider.swift; sourceTree = "<group>"; };
		3A08E9C42A4913DA00694743 /* UserModel.swift */ = {isa = PBXFileReference; lastKnownFileType = sourcecode.swift; path = UserModel.swift; sourceTree = "<group>"; };
		3A08E9C72A49267900694743 /* Constants.swift */ = {isa = PBXFileReference; lastKnownFileType = sourcecode.swift; path = Constants.swift; sourceTree = "<group>"; };
		3A08E9E32A4BD67B00694743 /* UserBusiness.swift */ = {isa = PBXFileReference; lastKnownFileType = sourcecode.swift; path = UserBusiness.swift; sourceTree = "<group>"; };
		3A3CBB9A2A4D4010002DF484 /* UserManager.swift */ = {isa = PBXFileReference; lastKnownFileType = sourcecode.swift; path = UserManager.swift; sourceTree = "<group>"; };
		E9328B0AE42871C7A2E66A0F /* Pods_Arquiteturas.framework */ = {isa = PBXFileReference; explicitFileType = wrapper.framework; includeInIndex = 0; path = Pods_Arquiteturas.framework; sourceTree = BUILT_PRODUCTS_DIR; };
/* End PBXFileReference section */

/* Begin PBXFrameworksBuildPhase section */
		3A08E9A12A48CB9800694743 /* Frameworks */ = {
			isa = PBXFrameworksBuildPhase;
			buildActionMask = 2147483647;
			files = (
				109B90809FDD4AEA18E60A4A /* Pods_Arquiteturas.framework in Frameworks */,
			);
			runOnlyForDeploymentPostprocessing = 0;
		};
/* End PBXFrameworksBuildPhase section */

/* Begin PBXGroup section */
		2833CD79834C3BD237881EC1 /* Frameworks */ = {
			isa = PBXGroup;
			children = (
				E9328B0AE42871C7A2E66A0F /* Pods_Arquiteturas.framework */,
			);
			name = Frameworks;
			sourceTree = "<group>";
		};
		3A08E99B2A48CB9800694743 = {
			isa = PBXGroup;
			children = (
				3A08E9A62A48CB9800694743 /* Arquiteturas */,
				3A08E9A52A48CB9800694743 /* Products */,
				88271633B39CA447470B1300 /* Pods */,
				2833CD79834C3BD237881EC1 /* Frameworks */,
			);
			sourceTree = "<group>";
		};
		3A08E9A52A48CB9800694743 /* Products */ = {
			isa = PBXGroup;
			children = (
				3A08E9A42A48CB9800694743 /* Arquiteturas.app */,
			);
			name = Products;
			sourceTree = "<group>";
		};
		3A08E9A62A48CB9800694743 /* Arquiteturas */ = {
			isa = PBXGroup;
			children = (
				3A08E9C62A49266500694743 /* Infrastructure */,
				3A08E9BD2A48E12A00694743 /* API */,
				3A08E9A72A48CB9800694743 /* AppDelegate.swift */,
				3A08E9A92A48CB9800694743 /* SceneDelegate.swift */,
				3A08E9AB2A48CB9800694743 /* ViewController.swift */,
				3A08E9AD2A48CB9800694743 /* Main.storyboard */,
				3A08E9B02A48CB9900694743 /* Assets.xcassets */,
				3A08E9B22A48CB9900694743 /* LaunchScreen.storyboard */,
				3A08E9B52A48CB9900694743 /* Info.plist */,
				3A08E9BB2A48CC1200694743 /* GoogleService-Info.plist */,
			);
			path = Arquiteturas;
			sourceTree = "<group>";
		};
		3A08E9BD2A48E12A00694743 /* API */ = {
			isa = PBXGroup;
			children = (
				3A08E9C32A4913D100694743 /* Model */,
				3A08E9C02A48E15600694743 /* Provider */,
				3A08E9BF2A48E14F00694743 /* Manager */,
				3A08E9BE2A48E13300694743 /* Business */,
			);
			path = API;
			sourceTree = "<group>";
		};
		3A08E9BE2A48E13300694743 /* Business */ = {
			isa = PBXGroup;
			children = (
				3A08E9E32A4BD67B00694743 /* UserBusiness.swift */,
			);
			path = Business;
			sourceTree = "<group>";
		};
		3A08E9BF2A48E14F00694743 /* Manager */ = {
			isa = PBXGroup;
			children = (
				3A3CBB9A2A4D4010002DF484 /* UserManager.swift */,
			);
			path = Manager;
			sourceTree = "<group>";
		};
		3A08E9C02A48E15600694743 /* Provider */ = {
			isa = PBXGroup;
			children = (
				3A08E9C12A49135900694743 /* UserProvider.swift */,
			);
			path = Provider;
			sourceTree = "<group>";
		};
		3A08E9C32A4913D100694743 /* Model */ = {
			isa = PBXGroup;
			children = (
				3A08E9C42A4913DA00694743 /* UserModel.swift */,
			);
			path = Model;
			sourceTree = "<group>";
		};
		3A08E9C62A49266500694743 /* Infrastructure */ = {
			isa = PBXGroup;
			children = (
				3A08E9C72A49267900694743 /* Constants.swift */,
			);
			path = Infrastructure;
			sourceTree = "<group>";
		};
		88271633B39CA447470B1300 /* Pods */ = {
			isa = PBXGroup;
			children = (
				362FC48F985E75386ECAC1D7 /* Pods-Arquiteturas.debug.xcconfig */,
				1B525F56C74E72C7527DE959 /* Pods-Arquiteturas.release.xcconfig */,
			);
			path = Pods;
			sourceTree = "<group>";
		};
/* End PBXGroup section */

/* Begin PBXNativeTarget section */
		3A08E9A32A48CB9800694743 /* Arquiteturas */ = {
			isa = PBXNativeTarget;
			buildConfigurationList = 3A08E9B82A48CB9900694743 /* Build configuration list for PBXNativeTarget "Arquiteturas" */;
			buildPhases = (
				F4146E5C07E7B00E5A1B6B6B /* [CP] Check Pods Manifest.lock */,
				3A08E9A02A48CB9800694743 /* Sources */,
				3A08E9A12A48CB9800694743 /* Frameworks */,
				3A08E9A22A48CB9800694743 /* Resources */,
				7B74CC74CF16342AC7E5F721 /* [CP] Embed Pods Frameworks */,
			);
			buildRules = (
			);
			dependencies = (
			);
			name = Arquiteturas;
			productName = Arquiteturas;
			productReference = 3A08E9A42A48CB9800694743 /* Arquiteturas.app */;
			productType = "com.apple.product-type.application";
		};
/* End PBXNativeTarget section */

/* Begin PBXProject section */
		3A08E99C2A48CB9800694743 /* Project object */ = {
			isa = PBXProject;
			attributes = {
				BuildIndependentTargetsInParallel = 1;
				LastSwiftUpdateCheck = 1420;
				LastUpgradeCheck = 1420;
				TargetAttributes = {
					3A08E9A32A48CB9800694743 = {
						CreatedOnToolsVersion = 14.2;
					};
				};
			};
			buildConfigurationList = 3A08E99F2A48CB9800694743 /* Build configuration list for PBXProject "Arquiteturas" */;
			compatibilityVersion = "Xcode 14.0";
			developmentRegion = en;
			hasScannedForEncodings = 0;
			knownRegions = (
				en,
				Base,
			);
			mainGroup = 3A08E99B2A48CB9800694743;
			productRefGroup = 3A08E9A52A48CB9800694743 /* Products */;
			projectDirPath = "";
			projectRoot = "";
			targets = (
				3A08E9A32A48CB9800694743 /* Arquiteturas */,
			);
		};
/* End PBXProject section */

/* Begin PBXResourcesBuildPhase section */
		3A08E9A22A48CB9800694743 /* Resources */ = {
			isa = PBXResourcesBuildPhase;
			buildActionMask = 2147483647;
			files = (
				3A08E9BC2A48CC1200694743 /* GoogleService-Info.plist in Resources */,
				3A08E9B42A48CB9900694743 /* LaunchScreen.storyboard in Resources */,
				3A08E9B12A48CB9900694743 /* Assets.xcassets in Resources */,
				3A08E9AF2A48CB9800694743 /* Main.storyboard in Resources */,
			);
			runOnlyForDeploymentPostprocessing = 0;
		};
/* End PBXResourcesBuildPhase section */

/* Begin PBXShellScriptBuildPhase section */
		7B74CC74CF16342AC7E5F721 /* [CP] Embed Pods Frameworks */ = {
			isa = PBXShellScriptBuildPhase;
			buildActionMask = 2147483647;
			files = (
			);
			inputFileListPaths = (
				"${PODS_ROOT}/Target Support Files/Pods-Arquiteturas/Pods-Arquiteturas-frameworks-${CONFIGURATION}-input-files.xcfilelist",
			);
			name = "[CP] Embed Pods Frameworks";
			outputFileListPaths = (
				"${PODS_ROOT}/Target Support Files/Pods-Arquiteturas/Pods-Arquiteturas-frameworks-${CONFIGURATION}-output-files.xcfilelist",
			);
			runOnlyForDeploymentPostprocessing = 0;
			shellPath = /bin/sh;
			shellScript = "\"${PODS_ROOT}/Target Support Files/Pods-Arquiteturas/Pods-Arquiteturas-frameworks.sh\"\n";
			showEnvVarsInLog = 0;
		};
		F4146E5C07E7B00E5A1B6B6B /* [CP] Check Pods Manifest.lock */ = {
			isa = PBXShellScriptBuildPhase;
			buildActionMask = 2147483647;
			files = (
			);
			inputFileListPaths = (
			);
			inputPaths = (
				"${PODS_PODFILE_DIR_PATH}/Podfile.lock",
				"${PODS_ROOT}/Manifest.lock",
			);
			name = "[CP] Check Pods Manifest.lock";
			outputFileListPaths = (
			);
			outputPaths = (
				"$(DERIVED_FILE_DIR)/Pods-Arquiteturas-checkManifestLockResult.txt",
			);
			runOnlyForDeploymentPostprocessing = 0;
			shellPath = /bin/sh;
			shellScript = "diff \"${PODS_PODFILE_DIR_PATH}/Podfile.lock\" \"${PODS_ROOT}/Manifest.lock\" > /dev/null\nif [ $? != 0 ] ; then\n    # print error to STDERR\n    echo \"error: The sandbox is not in sync with the Podfile.lock. Run 'pod install' or update your CocoaPods installation.\" >&2\n    exit 1\nfi\n# This output is used by Xcode 'outputs' to avoid re-running this script phase.\necho \"SUCCESS\" > \"${SCRIPT_OUTPUT_FILE_0}\"\n";
			showEnvVarsInLog = 0;
		};
/* End PBXShellScriptBuildPhase section */

/* Begin PBXSourcesBuildPhase section */
		3A08E9A02A48CB9800694743 /* Sources */ = {
			isa = PBXSourcesBuildPhase;
			buildActionMask = 2147483647;
			files = (
				3A08E9AC2A48CB9800694743 /* ViewController.swift in Sources */,
				3A08E9A82A48CB9800694743 /* AppDelegate.swift in Sources */,
				3A08E9AA2A48CB9800694743 /* SceneDelegate.swift in Sources */,
				3A08E9C52A4913DA00694743 /* UserModel.swift in Sources */,
				3A08E9C22A49135900694743 /* UserProvider.swift in Sources */,
				3A08E9E42A4BD67B00694743 /* UserBusiness.swift in Sources */,
				3A3CBB9B2A4D4010002DF484 /* UserManager.swift in Sources */,
				3A08E9C82A49267900694743 /* Constants.swift in Sources */,
			);
			runOnlyForDeploymentPostprocessing = 0;
		};
/* End PBXSourcesBuildPhase section */

/* Begin PBXVariantGroup section */
		3A08E9AD2A48CB9800694743 /* Main.storyboard */ = {
			isa = PBXVariantGroup;
			children = (
				3A08E9AE2A48CB9800694743 /* Base */,
			);
			name = Main.storyboard;
			sourceTree = "<group>";
		};
		3A08E9B22A48CB9900694743 /* LaunchScreen.storyboard */ = {
			isa = PBXVariantGroup;
			children = (
				3A08E9B32A48CB9900694743 /* Base */,
			);
			name = LaunchScreen.storyboard;
			sourceTree = "<group>";
		};
/* End PBXVariantGroup section */

/* Begin XCBuildConfiguration section */
		3A08E9B62A48CB9900694743 /* Debug */ = {
			isa = XCBuildConfiguration;
			buildSettings = {
				ALWAYS_SEARCH_USER_PATHS = NO;
				CLANG_ANALYZER_NONNULL = YES;
				CLANG_ANALYZER_NUMBER_OBJECT_CONVERSION = YES_AGGRESSIVE;
				CLANG_CXX_LANGUAGE_STANDARD = "gnu++20";
				CLANG_ENABLE_MODULES = YES;
				CLANG_ENABLE_OBJC_ARC = YES;
				CLANG_ENABLE_OBJC_WEAK = YES;
				CLANG_WARN_BLOCK_CAPTURE_AUTORELEASING = YES;
				CLANG_WARN_BOOL_CONVERSION = YES;
				CLANG_WARN_COMMA = YES;
				CLANG_WARN_CONSTANT_CONVERSION = YES;
				CLANG_WARN_DEPRECATED_OBJC_IMPLEMENTATIONS = YES;
				CLANG_WARN_DIRECT_OBJC_ISA_USAGE = YES_ERROR;
				CLANG_WARN_DOCUMENTATION_COMMENTS = YES;
				CLANG_WARN_EMPTY_BODY = YES;
				CLANG_WARN_ENUM_CONVERSION = YES;
				CLANG_WARN_INFINITE_RECURSION = YES;
				CLANG_WARN_INT_CONVERSION = YES;
				CLANG_WARN_NON_LITERAL_NULL_CONVERSION = YES;
				CLANG_WARN_OBJC_IMPLICIT_RETAIN_SELF = YES;
				CLANG_WARN_OBJC_LITERAL_CONVERSION = YES;
				CLANG_WARN_OBJC_ROOT_CLASS = YES_ERROR;
				CLANG_WARN_QUOTED_INCLUDE_IN_FRAMEWORK_HEADER = YES;
				CLANG_WARN_RANGE_LOOP_ANALYSIS = YES;
				CLANG_WARN_STRICT_PROTOTYPES = YES;
				CLANG_WARN_SUSPICIOUS_MOVE = YES;
				CLANG_WARN_UNGUARDED_AVAILABILITY = YES_AGGRESSIVE;
				CLANG_WARN_UNREACHABLE_CODE = YES;
				CLANG_WARN__DUPLICATE_METHOD_MATCH = YES;
				COPY_PHASE_STRIP = NO;
				DEBUG_INFORMATION_FORMAT = dwarf;
				ENABLE_STRICT_OBJC_MSGSEND = YES;
				ENABLE_TESTABILITY = YES;
				GCC_C_LANGUAGE_STANDARD = gnu11;
				GCC_DYNAMIC_NO_PIC = NO;
				GCC_NO_COMMON_BLOCKS = YES;
				GCC_OPTIMIZATION_LEVEL = 0;
				GCC_PREPROCESSOR_DEFINITIONS = (
					"DEBUG=1",
					"$(inherited)",
				);
				GCC_WARN_64_TO_32_BIT_CONVERSION = YES;
				GCC_WARN_ABOUT_RETURN_TYPE = YES_ERROR;
				GCC_WARN_UNDECLARED_SELECTOR = YES;
				GCC_WARN_UNINITIALIZED_AUTOS = YES_AGGRESSIVE;
				GCC_WARN_UNUSED_FUNCTION = YES;
				GCC_WARN_UNUSED_VARIABLE = YES;
				IPHONEOS_DEPLOYMENT_TARGET = 16.2;
				MTL_ENABLE_DEBUG_INFO = INCLUDE_SOURCE;
				MTL_FAST_MATH = YES;
				ONLY_ACTIVE_ARCH = YES;
				SDKROOT = iphoneos;
				SWIFT_ACTIVE_COMPILATION_CONDITIONS = DEBUG;
				SWIFT_OPTIMIZATION_LEVEL = "-Onone";
			};
			name = Debug;
		};
		3A08E9B72A48CB9900694743 /* Release */ = {
			isa = XCBuildConfiguration;
			buildSettings = {
				ALWAYS_SEARCH_USER_PATHS = NO;
				CLANG_ANALYZER_NONNULL = YES;
				CLANG_ANALYZER_NUMBER_OBJECT_CONVERSION = YES_AGGRESSIVE;
				CLANG_CXX_LANGUAGE_STANDARD = "gnu++20";
				CLANG_ENABLE_MODULES = YES;
				CLANG_ENABLE_OBJC_ARC = YES;
				CLANG_ENABLE_OBJC_WEAK = YES;
				CLANG_WARN_BLOCK_CAPTURE_AUTORELEASING = YES;
				CLANG_WARN_BOOL_CONVERSION = YES;
				CLANG_WARN_COMMA = YES;
				CLANG_WARN_CONSTANT_CONVERSION = YES;
				CLANG_WARN_DEPRECATED_OBJC_IMPLEMENTATIONS = YES;
				CLANG_WARN_DIRECT_OBJC_ISA_USAGE = YES_ERROR;
				CLANG_WARN_DOCUMENTATION_COMMENTS = YES;
				CLANG_WARN_EMPTY_BODY = YES;
				CLANG_WARN_ENUM_CONVERSION = YES;
				CLANG_WARN_INFINITE_RECURSION = YES;
				CLANG_WARN_INT_CONVERSION = YES;
				CLANG_WARN_NON_LITERAL_NULL_CONVERSION = YES;
				CLANG_WARN_OBJC_IMPLICIT_RETAIN_SELF = YES;
				CLANG_WARN_OBJC_LITERAL_CONVERSION = YES;
				CLANG_WARN_OBJC_ROOT_CLASS = YES_ERROR;
				CLANG_WARN_QUOTED_INCLUDE_IN_FRAMEWORK_HEADER = YES;
				CLANG_WARN_RANGE_LOOP_ANALYSIS = YES;
				CLANG_WARN_STRICT_PROTOTYPES = YES;
				CLANG_WARN_SUSPICIOUS_MOVE = YES;
				CLANG_WARN_UNGUARDED_AVAILABILITY = YES_AGGRESSIVE;
				CLANG_WARN_UNREACHABLE_CODE = YES;
				CLANG_WARN__DUPLICATE_METHOD_MATCH = YES;
				COPY_PHASE_STRIP = NO;
				DEBUG_INFORMATION_FORMAT = "dwarf-with-dsym";
				ENABLE_NS_ASSERTIONS = NO;
				ENABLE_STRICT_OBJC_MSGSEND = YES;
				GCC_C_LANGUAGE_STANDARD = gnu11;
				GCC_NO_COMMON_BLOCKS = YES;
				GCC_WARN_64_TO_32_BIT_CONVERSION = YES;
				GCC_WARN_ABOUT_RETURN_TYPE = YES_ERROR;
				GCC_WARN_UNDECLARED_SELECTOR = YES;
				GCC_WARN_UNINITIALIZED_AUTOS = YES_AGGRESSIVE;
				GCC_WARN_UNUSED_FUNCTION = YES;
				GCC_WARN_UNUSED_VARIABLE = YES;
				IPHONEOS_DEPLOYMENT_TARGET = 16.2;
				MTL_ENABLE_DEBUG_INFO = NO;
				MTL_FAST_MATH = YES;
				SDKROOT = iphoneos;
				SWIFT_COMPILATION_MODE = wholemodule;
				SWIFT_OPTIMIZATION_LEVEL = "-O";
				VALIDATE_PRODUCT = YES;
			};
			name = Release;
		};
		3A08E9B92A48CB9900694743 /* Debug */ = {
			isa = XCBuildConfiguration;
			baseConfigurationReference = 362FC48F985E75386ECAC1D7 /* Pods-Arquiteturas.debug.xcconfig */;
			buildSettings = {
				ASSETCATALOG_COMPILER_APPICON_NAME = AppIcon;
				ASSETCATALOG_COMPILER_GLOBAL_ACCENT_COLOR_NAME = AccentColor;
				CODE_SIGN_STYLE = Automatic;
				CURRENT_PROJECT_VERSION = 1;
				GENERATE_INFOPLIST_FILE = YES;
				INFOPLIST_FILE = Arquiteturas/Info.plist;
				INFOPLIST_KEY_UIApplicationSupportsIndirectInputEvents = YES;
				INFOPLIST_KEY_UILaunchStoryboardName = LaunchScreen;
				INFOPLIST_KEY_UIMainStoryboardFile = Main;
				INFOPLIST_KEY_UISupportedInterfaceOrientations_iPad = "UIInterfaceOrientationPortrait UIInterfaceOrientationPortraitUpsideDown UIInterfaceOrientationLandscapeLeft UIInterfaceOrientationLandscapeRight";
				INFOPLIST_KEY_UISupportedInterfaceOrientations_iPhone = "UIInterfaceOrientationPortrait UIInterfaceOrientationLandscapeLeft UIInterfaceOrientationLandscapeRight";
				LD_RUNPATH_SEARCH_PATHS = (
					"$(inherited)",
					"@executable_path/Frameworks",
				);
				MARKETING_VERSION = 1.0;
				PRODUCT_BUNDLE_IDENTIFIER = flavio.Arquiteturas;
				PRODUCT_NAME = "$(TARGET_NAME)";
				SWIFT_EMIT_LOC_STRINGS = YES;
				SWIFT_VERSION = 5.0;
				TARGETED_DEVICE_FAMILY = "1,2";
			};
			name = Debug;
		};
		3A08E9BA2A48CB9900694743 /* Release */ = {
			isa = XCBuildConfiguration;
			baseConfigurationReference = 1B525F56C74E72C7527DE959 /* Pods-Arquiteturas.release.xcconfig */;
			buildSettings = {
				ASSETCATALOG_COMPILER_APPICON_NAME = AppIcon;
				ASSETCATALOG_COMPILER_GLOBAL_ACCENT_COLOR_NAME = AccentColor;
				CODE_SIGN_STYLE = Automatic;
				CURRENT_PROJECT_VERSION = 1;
				GENERATE_INFOPLIST_FILE = YES;
				INFOPLIST_FILE = Arquiteturas/Info.plist;
				INFOPLIST_KEY_UIApplicationSupportsIndirectInputEvents = YES;
				INFOPLIST_KEY_UILaunchStoryboardName = LaunchScreen;
				INFOPLIST_KEY_UIMainStoryboardFile = Main;
				INFOPLIST_KEY_UISupportedInterfaceOrientations_iPad = "UIInterfaceOrientationPortrait UIInterfaceOrientationPortraitUpsideDown UIInterfaceOrientationLandscapeLeft UIInterfaceOrientationLandscapeRight";
				INFOPLIST_KEY_UISupportedInterfaceOrientations_iPhone = "UIInterfaceOrientationPortrait UIInterfaceOrientationLandscapeLeft UIInterfaceOrientationLandscapeRight";
				LD_RUNPATH_SEARCH_PATHS = (
					"$(inherited)",
					"@executable_path/Frameworks",
				);
				MARKETING_VERSION = 1.0;
				PRODUCT_BUNDLE_IDENTIFIER = flavio.Arquiteturas;
				PRODUCT_NAME = "$(TARGET_NAME)";
				SWIFT_EMIT_LOC_STRINGS = YES;
				SWIFT_VERSION = 5.0;
				TARGETED_DEVICE_FAMILY = "1,2";
			};
			name = Release;
		};
/* End XCBuildConfiguration section */

/* Begin XCConfigurationList section */
		3A08E99F2A48CB9800694743 /* Build configuration list for PBXProject "Arquiteturas" */ = {
			isa = XCConfigurationList;
			buildConfigurations = (
				3A08E9B62A48CB9900694743 /* Debug */,
				3A08E9B72A48CB9900694743 /* Release */,
			);
			defaultConfigurationIsVisible = 0;
			defaultConfigurationName = Release;
		};
		3A08E9B82A48CB9900694743 /* Build configuration list for PBXNativeTarget "Arquiteturas" */ = {
			isa = XCConfigurationList;
			buildConfigurations = (
				3A08E9B92A48CB9900694743 /* Debug */,
				3A08E9BA2A48CB9900694743 /* Release */,
			);
			defaultConfigurationIsVisible = 0;
			defaultConfigurationName = Release;
		};
/* End XCConfigurationList section */
	};
	rootObject = 3A08E99C2A48CB9800694743 /* Project object */;
}
